
Microsoft Visual Studio Solution File, Format Version 12.00
# Visual Studio Version 17
VisualStudioVersion = 17.14.36202.13
MinimumVisualStudioVersion = 10.0.40219.1
Project("{FAE04EC0-301F-11D3-BF4B-00C04F79EFBC}") = "HelloWorld", "HelloWorld\HelloWorld.csproj", "{EF82FD58-AB2D-4D57-80A2-80A3C5B15F60}"
EndProject
Project("{FAE04EC0-301F-11D3-BF4B-00C04F79EFBC}") = "DataTypes", "DataTypes\DataTypes.csproj", "{1D810BC6-B1F5-4372-B3AD-7A82F8D34A34}"
EndProject
Project("{FAE04EC0-301F-11D3-BF4B-00C04F79EFBC}") = "OutputApp", "OutputApp\OutputApp.csproj", "{4507637F-3A3A-478A-9175-9E2CD454E69E}"
EndProject
Project("{FAE04EC0-301F-11D3-BF4B-00C04F79EFBC}") = "ReadApp", "ReadApp\ReadApp.csproj", "{C7882B29-EBCC-4359-8E36-EAE240FBCB6E}"
EndProject
Project("{FAE04EC0-301F-11D3-BF4B-00C04F79EFBC}") = "ArgsApp", "ArgsApp\ArgsApp.csproj", "{AC799FD5-3A3E-4C4D-935E-ED205665F6FE}"
EndProject
Project("{FAE04EC0-301F-11D3-BF4B-00C04F79EFBC}") = "ExpressionsApp", "ExpressionsApp\ExpressionsApp.csproj", "{CA797EA1-AC67-4774-A8DA-87CE4A5BFBBD}"
EndProject
Project("{FAE04EC0-301F-11D3-BF4B-00C04F79EFBC}") = "FactorialApp", "FactorialApp\FactorialApp.csproj", "{DE1F338C-CF94-4164-9A8A-3A38AC3947EB}"
EndProject
Project("{FAE04EC0-301F-11D3-BF4B-00C04F79EFBC}") = "FiboIterativeApp", "FiboItIterativeApp\FiboIterativeApp.csproj", "{74C857A5-93DD-4D1C-B27A-FF5449EC7977}"
EndProject
Project("{FAE04EC0-301F-11D3-BF4B-00C04F79EFBC}") = "FiboRecursive", "FiboRecursive\FiboRecursive.csproj", "{C0F79FF8-B51C-4BFB-8B70-0C251509C6E9}"
EndProject
Project("{FAE04EC0-301F-11D3-BF4B-00C04F79EFBC}") = "FiboWithArray", "FiboWithArray\FiboWithArray.csproj", "{780C59B8-66F3-4021-BC12-84E5860F9B42}"
EndProject
Project("{FAE04EC0-301F-11D3-BF4B-00C04F79EFBC}") = "IgnoreNegatives", "IgnoreNegatives\IgnoreNegatives.csproj", "{B05AF1DE-58A8-4B02-AB66-688BD03D7E0D}"
EndProject
Project("{FAE04EC0-301F-11D3-BF4B-00C04F79EFBC}") = "PowerApp", "PowerApp\PowerApp.csproj", "{2A379048-E3F6-4407-818F-9FEE02026B26}"
EndProject
Project("{FAE04EC0-301F-11D3-BF4B-00C04F79EFBC}") = "PrimesApp", "PrimesApp\PrimesApp.csproj", "{6012FDC4-E829-4B3A-9FD3-5E417130073D}"
EndProject
Project("{FAE04EC0-301F-11D3-BF4B-00C04F79EFBC}") = "RightTriangleApp", "RightTriangleApp\RightTriangleApp.csproj", "{8F20A3B6-C751-4679-96DF-CE64557B8DF5}"
EndProject
Project("{FAE04EC0-301F-11D3-BF4B-00C04F79EFBC}") = "ArraysOneDim", "ArraysOneDim\ArraysOneDim.csproj", "{1DC6782E-3122-4B05-B4AA-454AB2E08465}"
EndProject
Project("{FAE04EC0-301F-11D3-BF4B-00C04F79EFBC}") = "Max2x2App", "Max2x2App\Max2x2App.csproj", "{AEA00330-CDF0-4BDE-A275-8BC50BCFE6C7}"
EndProject
Project("{FAE04EC0-301F-11D3-BF4B-00C04F79EFBC}") = "ArraysTwoDim", "ArraysTwoDim\ArraysTwoDim.csproj", "{4382306D-E340-4967-B626-5E3CBA16356C}"
EndProject
Project("{FAE04EC0-301F-11D3-BF4B-00C04F79EFBC}") = "StringApp", "StringApp\StringApp.csproj", "{EA562A12-4624-4237-B6DE-DD10A2396D52}"
EndProject
Project("{FAE04EC0-301F-11D3-BF4B-00C04F79EFBC}") = "NullableStrings", "NullableStrings\NullableStrings.csproj", "{49124C35-825B-47B0-AE17-F67FD36DDDA8}"
EndProject
Project("{FAE04EC0-301F-11D3-BF4B-00C04F79EFBC}") = "RegEx", "RegEx\RegEx.csproj", "{17109957-B669-4D04-B102-F0F2B1BDDD36}"
EndProject
Project("{FAE04EC0-301F-11D3-BF4B-00C04F79EFBC}") = "GradesApp", "GradesApp\GradesApp.csproj", "{0A76B2DF-FAD6-4C7D-96E0-1E9C05112995}"
EndProject
Project("{FAE04EC0-301F-11D3-BF4B-00C04F79EFBC}") = "SwapApp", "SwapApp\SwapApp.csproj", "{7BD9372D-317D-4D73-B8C5-4E39104B9D64}"
EndProject
Project("{FAE04EC0-301F-11D3-BF4B-00C04F79EFBC}") = "ParamsApp", "ParamsApp\ParamsApp.csproj", "{F53F4050-81DF-4E3D-92CC-27ACB8B5BD9A}"
EndProject
Project("{FAE04EC0-301F-11D3-BF4B-00C04F79EFBC}") = "OptionalParams", "OptionalParams\OptionalParams.csproj", "{21D4B209-F109-46AA-94CB-D450C636C3FA}"
EndProject
Project("{FAE04EC0-301F-11D3-BF4B-00C04F79EFBC}") = "MethodOverload", "MethodOverload\MethodOverload.csproj", "{88C50295-5E0E-497A-BAF1-15F37EEBE08B}"
EndProject
Project("{FAE04EC0-301F-11D3-BF4B-00C04F79EFBC}") = "OOApp", "OOApp\OOApp.csproj", "{0DAAE608-E266-42B0-975A-5A5A83AA5785}"
EndProject
Project("{FAE04EC0-301F-11D3-BF4B-00C04F79EFBC}") = "AccountApp", "AccountApp\AccountApp.csproj", "{FE664AFB-F5D7-4CA9-B4C9-6417AF9EF86E}"
EndProject
Project("{FAE04EC0-301F-11D3-BF4B-00C04F79EFBC}") = "PointApp", "PointApp\PointApp.csproj", "{8C650F90-8563-4346-A33F-1D0005EA86EA}"
EndProject
Project("{FAE04EC0-301F-11D3-BF4B-00C04F79EFBC}") = "CopyingApp", "CopyingApp\CopyingApp.csproj", "{22548435-6258-4B68-9EB2-67C777F89D13}"
EndProject
Project("{FAE04EC0-301F-11D3-BF4B-00C04F79EFBC}") = "Fraction", "Fraction\Fraction.csproj", "{8D026C51-66D0-4EE1-AA97-C0C4E02A7536}"
EndProject
Project("{FAE04EC0-301F-11D3-BF4B-00C04F79EFBC}") = "InterfacesApp", "InterfacesApp\InterfacesApp.csproj", "{A5C5BDEA-7275-4850-AB84-8540846F1990}"
EndProject
Project("{FAE04EC0-301F-11D3-BF4B-00C04F79EFBC}") = "PointMonolithic", "PointMonolithic\PointMonolithic.csproj", "{3FA1133B-43AA-49A8-89EF-A77173BC8C1B}"
EndProject
Project("{FAE04EC0-301F-11D3-BF4B-00C04F79EFBC}") = "AbstractClassesApp", "AbstractClassesApp\AbstractClassesApp.csproj", "{85AF6712-1228-4FB6-A279-224617408B6A}"
EndProject
Project("{FAE04EC0-301F-11D3-BF4B-00C04F79EFBC}") = "CollectionsApp", "CollectionsApp\CollectionsApp.csproj", "{DC43CC3C-D91F-4BA8-8F4F-C33AB353D624}"
EndProject
Project("{FAE04EC0-301F-11D3-BF4B-00C04F79EFBC}") = "ProductsComparerApp", "ProductsComparerApp\ProductsComparerApp.csproj", "{E5386F54-361C-40D3-AD1D-BE294D63BD53}"
EndProject
Project("{FAE04EC0-301F-11D3-BF4B-00C04F79EFBC}") = "LinqApp", "LinqApp\LinqApp.csproj", "{01A4A6D5-956F-438D-97C6-92733C35142A}"
EndProject
Project("{FAE04EC0-301F-11D3-BF4B-00C04F79EFBC}") = "StackApp", "StackApp\StackApp.csproj", "{230C2FCE-C79D-4A5A-81E9-B5005A11EF5A}"
EndProject
Project("{FAE04EC0-301F-11D3-BF4B-00C04F79EFBC}") = "SinglyLinkedList", "SinglyLinkedList\SinglyLinkedList.csproj", "{7E4730CC-E679-4115-A7CA-AEE10AA471A5}"
EndProject
Project("{FAE04EC0-301F-11D3-BF4B-00C04F79EFBC}") = "FileManagement", "FileManagement\FileManagement.csproj", "{F804B6B2-B925-49DF-884C-E013D11E3986}"
EndProject
Project("{FAE04EC0-301F-11D3-BF4B-00C04F79EFBC}") = "WebAppStarter", "WebAppStarter\WebAppStarter.csproj", "{73E6A81B-8D13-44C1-B97B-2DE19B81A43D}"
EndProject
Project("{FAE04EC0-301F-11D3-BF4B-00C04F79EFBC}") = "WebApp7Starter", "WebApp7Starter\WebApp7Starter.csproj", "{773686C4-359C-4936-9C84-7A71EB648CBA}"
EndProject
Global
	GlobalSection(SolutionConfigurationPlatforms) = preSolution
		Debug|Any CPU = Debug|Any CPU
		Release|Any CPU = Release|Any CPU
	EndGlobalSection
	GlobalSection(ProjectConfigurationPlatforms) = postSolution
		{EF82FD58-AB2D-4D57-80A2-80A3C5B15F60}.Debug|Any CPU.ActiveCfg = Debug|Any CPU
		{EF82FD58-AB2D-4D57-80A2-80A3C5B15F60}.Debug|Any CPU.Build.0 = Debug|Any CPU
		{EF82FD58-AB2D-4D57-80A2-80A3C5B15F60}.Release|Any CPU.ActiveCfg = Release|Any CPU
		{EF82FD58-AB2D-4D57-80A2-80A3C5B15F60}.Release|Any CPU.Build.0 = Release|Any CPU
		{1D810BC6-B1F5-4372-B3AD-7A82F8D34A34}.Debug|Any CPU.ActiveCfg = Debug|Any CPU
		{1D810BC6-B1F5-4372-B3AD-7A82F8D34A34}.Debug|Any CPU.Build.0 = Debug|Any CPU
		{1D810BC6-B1F5-4372-B3AD-7A82F8D34A34}.Release|Any CPU.ActiveCfg = Release|Any CPU
		{1D810BC6-B1F5-4372-B3AD-7A82F8D34A34}.Release|Any CPU.Build.0 = Release|Any CPU
		{4507637F-3A3A-478A-9175-9E2CD454E69E}.Debug|Any CPU.ActiveCfg = Debug|Any CPU
		{4507637F-3A3A-478A-9175-9E2CD454E69E}.Debug|Any CPU.Build.0 = Debug|Any CPU
		{4507637F-3A3A-478A-9175-9E2CD454E69E}.Release|Any CPU.ActiveCfg = Release|Any CPU
		{4507637F-3A3A-478A-9175-9E2CD454E69E}.Release|Any CPU.Build.0 = Release|Any CPU
		{C7882B29-EBCC-4359-8E36-EAE240FBCB6E}.Debug|Any CPU.ActiveCfg = Debug|Any CPU
		{C7882B29-EBCC-4359-8E36-EAE240FBCB6E}.Debug|Any CPU.Build.0 = Debug|Any CPU
		{C7882B29-EBCC-4359-8E36-EAE240FBCB6E}.Release|Any CPU.ActiveCfg = Release|Any CPU
		{C7882B29-EBCC-4359-8E36-EAE240FBCB6E}.Release|Any CPU.Build.0 = Release|Any CPU
		{AC799FD5-3A3E-4C4D-935E-ED205665F6FE}.Debug|Any CPU.ActiveCfg = Debug|Any CPU
		{AC799FD5-3A3E-4C4D-935E-ED205665F6FE}.Debug|Any CPU.Build.0 = Debug|Any CPU
		{AC799FD5-3A3E-4C4D-935E-ED205665F6FE}.Release|Any CPU.ActiveCfg = Release|Any CPU
		{AC799FD5-3A3E-4C4D-935E-ED205665F6FE}.Release|Any CPU.Build.0 = Release|Any CPU
		{CA797EA1-AC67-4774-A8DA-87CE4A5BFBBD}.Debug|Any CPU.ActiveCfg = Debug|Any CPU
		{CA797EA1-AC67-4774-A8DA-87CE4A5BFBBD}.Debug|Any CPU.Build.0 = Debug|Any CPU
		{CA797EA1-AC67-4774-A8DA-87CE4A5BFBBD}.Release|Any CPU.ActiveCfg = Release|Any CPU
		{CA797EA1-AC67-4774-A8DA-87CE4A5BFBBD}.Release|Any CPU.Build.0 = Release|Any CPU
		{DE1F338C-CF94-4164-9A8A-3A38AC3947EB}.Debug|Any CPU.ActiveCfg = Debug|Any CPU
		{DE1F338C-CF94-4164-9A8A-3A38AC3947EB}.Debug|Any CPU.Build.0 = Debug|Any CPU
		{DE1F338C-CF94-4164-9A8A-3A38AC3947EB}.Release|Any CPU.ActiveCfg = Release|Any CPU
		{DE1F338C-CF94-4164-9A8A-3A38AC3947EB}.Release|Any CPU.Build.0 = Release|Any CPU
		{74C857A5-93DD-4D1C-B27A-FF5449EC7977}.Debug|Any CPU.ActiveCfg = Debug|Any CPU
		{74C857A5-93DD-4D1C-B27A-FF5449EC7977}.Debug|Any CPU.Build.0 = Debug|Any CPU
		{74C857A5-93DD-4D1C-B27A-FF5449EC7977}.Release|Any CPU.ActiveCfg = Release|Any CPU
		{74C857A5-93DD-4D1C-B27A-FF5449EC7977}.Release|Any CPU.Build.0 = Release|Any CPU
		{C0F79FF8-B51C-4BFB-8B70-0C251509C6E9}.Debug|Any CPU.ActiveCfg = Debug|Any CPU
		{C0F79FF8-B51C-4BFB-8B70-0C251509C6E9}.Debug|Any CPU.Build.0 = Debug|Any CPU
		{C0F79FF8-B51C-4BFB-8B70-0C251509C6E9}.Release|Any CPU.ActiveCfg = Release|Any CPU
		{C0F79FF8-B51C-4BFB-8B70-0C251509C6E9}.Release|Any CPU.Build.0 = Release|Any CPU
		{780C59B8-66F3-4021-BC12-84E5860F9B42}.Debug|Any CPU.ActiveCfg = Debug|Any CPU
		{780C59B8-66F3-4021-BC12-84E5860F9B42}.Debug|Any CPU.Build.0 = Debug|Any CPU
		{780C59B8-66F3-4021-BC12-84E5860F9B42}.Release|Any CPU.ActiveCfg = Release|Any CPU
		{780C59B8-66F3-4021-BC12-84E5860F9B42}.Release|Any CPU.Build.0 = Release|Any CPU
		{B05AF1DE-58A8-4B02-AB66-688BD03D7E0D}.Debug|Any CPU.ActiveCfg = Debug|Any CPU
		{B05AF1DE-58A8-4B02-AB66-688BD03D7E0D}.Debug|Any CPU.Build.0 = Debug|Any CPU
		{B05AF1DE-58A8-4B02-AB66-688BD03D7E0D}.Release|Any CPU.ActiveCfg = Release|Any CPU
		{B05AF1DE-58A8-4B02-AB66-688BD03D7E0D}.Release|Any CPU.Build.0 = Release|Any CPU
		{2A379048-E3F6-4407-818F-9FEE02026B26}.Debug|Any CPU.ActiveCfg = Debug|Any CPU
		{2A379048-E3F6-4407-818F-9FEE02026B26}.Debug|Any CPU.Build.0 = Debug|Any CPU
		{2A379048-E3F6-4407-818F-9FEE02026B26}.Release|Any CPU.ActiveCfg = Release|Any CPU
		{2A379048-E3F6-4407-818F-9FEE02026B26}.Release|Any CPU.Build.0 = Release|Any CPU
		{6012FDC4-E829-4B3A-9FD3-5E417130073D}.Debug|Any CPU.ActiveCfg = Debug|Any CPU
		{6012FDC4-E829-4B3A-9FD3-5E417130073D}.Debug|Any CPU.Build.0 = Debug|Any CPU
		{6012FDC4-E829-4B3A-9FD3-5E417130073D}.Release|Any CPU.ActiveCfg = Release|Any CPU
		{6012FDC4-E829-4B3A-9FD3-5E417130073D}.Release|Any CPU.Build.0 = Release|Any CPU
		{8F20A3B6-C751-4679-96DF-CE64557B8DF5}.Debug|Any CPU.ActiveCfg = Debug|Any CPU
		{8F20A3B6-C751-4679-96DF-CE64557B8DF5}.Debug|Any CPU.Build.0 = Debug|Any CPU
		{8F20A3B6-C751-4679-96DF-CE64557B8DF5}.Release|Any CPU.ActiveCfg = Release|Any CPU
		{8F20A3B6-C751-4679-96DF-CE64557B8DF5}.Release|Any CPU.Build.0 = Release|Any CPU
		{1DC6782E-3122-4B05-B4AA-454AB2E08465}.Debug|Any CPU.ActiveCfg = Debug|Any CPU
		{1DC6782E-3122-4B05-B4AA-454AB2E08465}.Debug|Any CPU.Build.0 = Debug|Any CPU
		{1DC6782E-3122-4B05-B4AA-454AB2E08465}.Release|Any CPU.ActiveCfg = Release|Any CPU
		{1DC6782E-3122-4B05-B4AA-454AB2E08465}.Release|Any CPU.Build.0 = Release|Any CPU
		{AEA00330-CDF0-4BDE-A275-8BC50BCFE6C7}.Debug|Any CPU.ActiveCfg = Debug|Any CPU
		{AEA00330-CDF0-4BDE-A275-8BC50BCFE6C7}.Debug|Any CPU.Build.0 = Debug|Any CPU
		{AEA00330-CDF0-4BDE-A275-8BC50BCFE6C7}.Release|Any CPU.ActiveCfg = Release|Any CPU
		{AEA00330-CDF0-4BDE-A275-8BC50BCFE6C7}.Release|Any CPU.Build.0 = Release|Any CPU
		{4382306D-E340-4967-B626-5E3CBA16356C}.Debug|Any CPU.ActiveCfg = Debug|Any CPU
		{4382306D-E340-4967-B626-5E3CBA16356C}.Debug|Any CPU.Build.0 = Debug|Any CPU
		{4382306D-E340-4967-B626-5E3CBA16356C}.Release|Any CPU.ActiveCfg = Release|Any CPU
		{4382306D-E340-4967-B626-5E3CBA16356C}.Release|Any CPU.Build.0 = Release|Any CPU
		{EA562A12-4624-4237-B6DE-DD10A2396D52}.Debug|Any CPU.ActiveCfg = Debug|Any CPU
		{EA562A12-4624-4237-B6DE-DD10A2396D52}.Debug|Any CPU.Build.0 = Debug|Any CPU
		{EA562A12-4624-4237-B6DE-DD10A2396D52}.Release|Any CPU.ActiveCfg = Release|Any CPU
		{EA562A12-4624-4237-B6DE-DD10A2396D52}.Release|Any CPU.Build.0 = Release|Any CPU
		{49124C35-825B-47B0-AE17-F67FD36DDDA8}.Debug|Any CPU.ActiveCfg = Debug|Any CPU
		{49124C35-825B-47B0-AE17-F67FD36DDDA8}.Debug|Any CPU.Build.0 = Debug|Any CPU
		{49124C35-825B-47B0-AE17-F67FD36DDDA8}.Release|Any CPU.ActiveCfg = Release|Any CPU
		{49124C35-825B-47B0-AE17-F67FD36DDDA8}.Release|Any CPU.Build.0 = Release|Any CPU
		{17109957-B669-4D04-B102-F0F2B1BDDD36}.Debug|Any CPU.ActiveCfg = Debug|Any CPU
		{17109957-B669-4D04-B102-F0F2B1BDDD36}.Debug|Any CPU.Build.0 = Debug|Any CPU
		{17109957-B669-4D04-B102-F0F2B1BDDD36}.Release|Any CPU.ActiveCfg = Release|Any CPU
		{17109957-B669-4D04-B102-F0F2B1BDDD36}.Release|Any CPU.Build.0 = Release|Any CPU
		{0A76B2DF-FAD6-4C7D-96E0-1E9C05112995}.Debug|Any CPU.ActiveCfg = Debug|Any CPU
		{0A76B2DF-FAD6-4C7D-96E0-1E9C05112995}.Debug|Any CPU.Build.0 = Debug|Any CPU
		{0A76B2DF-FAD6-4C7D-96E0-1E9C05112995}.Release|Any CPU.ActiveCfg = Release|Any CPU
		{0A76B2DF-FAD6-4C7D-96E0-1E9C05112995}.Release|Any CPU.Build.0 = Release|Any CPU
		{7BD9372D-317D-4D73-B8C5-4E39104B9D64}.Debug|Any CPU.ActiveCfg = Debug|Any CPU
		{7BD9372D-317D-4D73-B8C5-4E39104B9D64}.Debug|Any CPU.Build.0 = Debug|Any CPU
		{7BD9372D-317D-4D73-B8C5-4E39104B9D64}.Release|Any CPU.ActiveCfg = Release|Any CPU
		{7BD9372D-317D-4D73-B8C5-4E39104B9D64}.Release|Any CPU.Build.0 = Release|Any CPU
		{F53F4050-81DF-4E3D-92CC-27ACB8B5BD9A}.Debug|Any CPU.ActiveCfg = Debug|Any CPU
		{F53F4050-81DF-4E3D-92CC-27ACB8B5BD9A}.Debug|Any CPU.Build.0 = Debug|Any CPU
		{F53F4050-81DF-4E3D-92CC-27ACB8B5BD9A}.Release|Any CPU.ActiveCfg = Release|Any CPU
		{F53F4050-81DF-4E3D-92CC-27ACB8B5BD9A}.Release|Any CPU.Build.0 = Release|Any CPU
		{21D4B209-F109-46AA-94CB-D450C636C3FA}.Debug|Any CPU.ActiveCfg = Debug|Any CPU
		{21D4B209-F109-46AA-94CB-D450C636C3FA}.Debug|Any CPU.Build.0 = Debug|Any CPU
		{21D4B209-F109-46AA-94CB-D450C636C3FA}.Release|Any CPU.ActiveCfg = Release|Any CPU
		{21D4B209-F109-46AA-94CB-D450C636C3FA}.Release|Any CPU.Build.0 = Release|Any CPU
		{88C50295-5E0E-497A-BAF1-15F37EEBE08B}.Debug|Any CPU.ActiveCfg = Debug|Any CPU
		{88C50295-5E0E-497A-BAF1-15F37EEBE08B}.Debug|Any CPU.Build.0 = Debug|Any CPU
		{88C50295-5E0E-497A-BAF1-15F37EEBE08B}.Release|Any CPU.ActiveCfg = Release|Any CPU
		{88C50295-5E0E-497A-BAF1-15F37EEBE08B}.Release|Any CPU.Build.0 = Release|Any CPU
		{0DAAE608-E266-42B0-975A-5A5A83AA5785}.Debug|Any CPU.ActiveCfg = Debug|Any CPU
		{0DAAE608-E266-42B0-975A-5A5A83AA5785}.Debug|Any CPU.Build.0 = Debug|Any CPU
		{0DAAE608-E266-42B0-975A-5A5A83AA5785}.Release|Any CPU.ActiveCfg = Release|Any CPU
		{0DAAE608-E266-42B0-975A-5A5A83AA5785}.Release|Any CPU.Build.0 = Release|Any CPU
		{FE664AFB-F5D7-4CA9-B4C9-6417AF9EF86E}.Debug|Any CPU.ActiveCfg = Debug|Any CPU
		{FE664AFB-F5D7-4CA9-B4C9-6417AF9EF86E}.Debug|Any CPU.Build.0 = Debug|Any CPU
		{FE664AFB-F5D7-4CA9-B4C9-6417AF9EF86E}.Release|Any CPU.ActiveCfg = Release|Any CPU
		{FE664AFB-F5D7-4CA9-B4C9-6417AF9EF86E}.Release|Any CPU.Build.0 = Release|Any CPU
		{8C650F90-8563-4346-A33F-1D0005EA86EA}.Debug|Any CPU.ActiveCfg = Debug|Any CPU
		{8C650F90-8563-4346-A33F-1D0005EA86EA}.Debug|Any CPU.Build.0 = Debug|Any CPU
		{8C650F90-8563-4346-A33F-1D0005EA86EA}.Release|Any CPU.ActiveCfg = Release|Any CPU
		{8C650F90-8563-4346-A33F-1D0005EA86EA}.Release|Any CPU.Build.0 = Release|Any CPU
		{22548435-6258-4B68-9EB2-67C777F89D13}.Debug|Any CPU.ActiveCfg = Debug|Any CPU
		{22548435-6258-4B68-9EB2-67C777F89D13}.Debug|Any CPU.Build.0 = Debug|Any CPU
		{22548435-6258-4B68-9EB2-67C777F89D13}.Release|Any CPU.ActiveCfg = Release|Any CPU
		{22548435-6258-4B68-9EB2-67C777F89D13}.Release|Any CPU.Build.0 = Release|Any CPU
		{8D026C51-66D0-4EE1-AA97-C0C4E02A7536}.Debug|Any CPU.ActiveCfg = Debug|Any CPU
		{8D026C51-66D0-4EE1-AA97-C0C4E02A7536}.Debug|Any CPU.Build.0 = Debug|Any CPU
		{8D026C51-66D0-4EE1-AA97-C0C4E02A7536}.Release|Any CPU.ActiveCfg = Release|Any CPU
		{8D026C51-66D0-4EE1-AA97-C0C4E02A7536}.Release|Any CPU.Build.0 = Release|Any CPU
		{A5C5BDEA-7275-4850-AB84-8540846F1990}.Debug|Any CPU.ActiveCfg = Debug|Any CPU
		{A5C5BDEA-7275-4850-AB84-8540846F1990}.Debug|Any CPU.Build.0 = Debug|Any CPU
		{A5C5BDEA-7275-4850-AB84-8540846F1990}.Release|Any CPU.ActiveCfg = Release|Any CPU
		{A5C5BDEA-7275-4850-AB84-8540846F1990}.Release|Any CPU.Build.0 = Release|Any CPU
		{3FA1133B-43AA-49A8-89EF-A77173BC8C1B}.Debug|Any CPU.ActiveCfg = Debug|Any CPU
		{3FA1133B-43AA-49A8-89EF-A77173BC8C1B}.Debug|Any CPU.Build.0 = Debug|Any CPU
		{3FA1133B-43AA-49A8-89EF-A77173BC8C1B}.Release|Any CPU.ActiveCfg = Release|Any CPU
		{3FA1133B-43AA-49A8-89EF-A77173BC8C1B}.Release|Any CPU.Build.0 = Release|Any CPU
		{85AF6712-1228-4FB6-A279-224617408B6A}.Debug|Any CPU.ActiveCfg = Debug|Any CPU
		{85AF6712-1228-4FB6-A279-224617408B6A}.Debug|Any CPU.Build.0 = Debug|Any CPU
		{85AF6712-1228-4FB6-A279-224617408B6A}.Release|Any CPU.ActiveCfg = Release|Any CPU
		{85AF6712-1228-4FB6-A279-224617408B6A}.Release|Any CPU.Build.0 = Release|Any CPU
		{DC43CC3C-D91F-4BA8-8F4F-C33AB353D624}.Debug|Any CPU.ActiveCfg = Debug|Any CPU
		{DC43CC3C-D91F-4BA8-8F4F-C33AB353D624}.Debug|Any CPU.Build.0 = Debug|Any CPU
		{DC43CC3C-D91F-4BA8-8F4F-C33AB353D624}.Release|Any CPU.ActiveCfg = Release|Any CPU
		{DC43CC3C-D91F-4BA8-8F4F-C33AB353D624}.Release|Any CPU.Build.0 = Release|Any CPU
		{E5386F54-361C-40D3-AD1D-BE294D63BD53}.Debug|Any CPU.ActiveCfg = Debug|Any CPU
		{E5386F54-361C-40D3-AD1D-BE294D63BD53}.Debug|Any CPU.Build.0 = Debug|Any CPU
		{E5386F54-361C-40D3-AD1D-BE294D63BD53}.Release|Any CPU.ActiveCfg = Release|Any CPU
		{E5386F54-361C-40D3-AD1D-BE294D63BD53}.Release|Any CPU.Build.0 = Release|Any CPU
		{01A4A6D5-956F-438D-97C6-92733C35142A}.Debug|Any CPU.ActiveCfg = Debug|Any CPU
		{01A4A6D5-956F-438D-97C6-92733C35142A}.Debug|Any CPU.Build.0 = Debug|Any CPU
		{01A4A6D5-956F-438D-97C6-92733C35142A}.Release|Any CPU.ActiveCfg = Release|Any CPU
		{01A4A6D5-956F-438D-97C6-92733C35142A}.Release|Any CPU.Build.0 = Release|Any CPU
		{230C2FCE-C79D-4A5A-81E9-B5005A11EF5A}.Debug|Any CPU.ActiveCfg = Debug|Any CPU
		{230C2FCE-C79D-4A5A-81E9-B5005A11EF5A}.Debug|Any CPU.Build.0 = Debug|Any CPU
		{230C2FCE-C79D-4A5A-81E9-B5005A11EF5A}.Release|Any CPU.ActiveCfg = Release|Any CPU
		{230C2FCE-C79D-4A5A-81E9-B5005A11EF5A}.Release|Any CPU.Build.0 = Release|Any CPU
		{7E4730CC-E679-4115-A7CA-AEE10AA471A5}.Debug|Any CPU.ActiveCfg = Debug|Any CPU
		{7E4730CC-E679-4115-A7CA-AEE10AA471A5}.Debug|Any CPU.Build.0 = Debug|Any CPU
		{7E4730CC-E679-4115-A7CA-AEE10AA471A5}.Release|Any CPU.ActiveCfg = Release|Any CPU
		{7E4730CC-E679-4115-A7CA-AEE10AA471A5}.Release|Any CPU.Build.0 = Release|Any CPU
		{F804B6B2-B925-49DF-884C-E013D11E3986}.Debug|Any CPU.ActiveCfg = Debug|Any CPU
		{F804B6B2-B925-49DF-884C-E013D11E3986}.Debug|Any CPU.Build.0 = Debug|Any CPU
		{F804B6B2-B925-49DF-884C-E013D11E3986}.Release|Any CPU.ActiveCfg = Release|Any CPU
		{F804B6B2-B925-49DF-884C-E013D11E3986}.Release|Any CPU.Build.0 = Release|Any CPU
		{73E6A81B-8D13-44C1-B97B-2DE19B81A43D}.Debug|Any CPU.ActiveCfg = Debug|Any CPU
		{73E6A81B-8D13-44C1-B97B-2DE19B81A43D}.Debug|Any CPU.Build.0 = Debug|Any CPU
		{73E6A81B-8D13-44C1-B97B-2DE19B81A43D}.Release|Any CPU.ActiveCfg = Release|Any CPU
		{73E6A81B-8D13-44C1-B97B-2DE19B81A43D}.Release|Any CPU.Build.0 = Release|Any CPU
		{773686C4-359C-4936-9C84-7A71EB648CBA}.Debug|Any CPU.ActiveCfg = Debug|Any CPU
		{773686C4-359C-4936-9C84-7A71EB648CBA}.Debug|Any CPU.Build.0 = Debug|Any CPU
		{773686C4-359C-4936-9C84-7A71EB648CBA}.Release|Any CPU.ActiveCfg = Release|Any CPU
		{773686C4-359C-4936-9C84-7A71EB648CBA}.Release|Any CPU.Build.0 = Release|Any CPU
	EndGlobalSection
	GlobalSection(SolutionProperties) = preSolution
		HideSolutionNode = FALSE
	EndGlobalSection
	GlobalSection(ExtensibilityGlobals) = postSolution
		SolutionGuid = {B1D7E141-01CD-4786-935A-9BC3CC7AD16C}
	EndGlobalSection
EndGlobal
